
Microsoft Visual Studio Solution File, Format Version 12.00
# Visual Studio 15
Project("{FAE04EC0-301F-11D3-BF4B-00C04F79EFBC}") = "Lab_4_MatiasCornejo", "Lab_4_MatiasCornejo\Lab_4_MatiasCornejo.csproj", "{334DAA0A-C29C-4EA2-B3DA-5834E8EE4A90}"
EndProject
Global
	GlobalSection(SolutionConfigurationPlatforms) = preSolution
		Debug|anycpu = Debug|anycpu
		Release|anycpu = Release|anycpu
	EndGlobalSection
	GlobalSection(ProjectConfigurationPlatforms) = postSolution
		{334DAA0A-C29C-4EA2-B3DA-5834E8EE4A90}.Debug|anycpu.ActiveCfg = Debug|anycpu
		{334DAA0A-C29C-4EA2-B3DA-5834E8EE4A90}.Debug|anycpu.Build.0 = Debug|anycpu
		{334DAA0A-C29C-4EA2-B3DA-5834E8EE4A90}.Release|anycpu.ActiveCfg = Release|anycpu
		{334DAA0A-C29C-4EA2-B3DA-5834E8EE4A90}.Release|anycpu.Build.0 = Release|anycpu
	EndGlobalSection
EndGlobal
